
Microsoft Visual Studio Solution File, Format Version 12.00
# Visual Studio Version 17
VisualStudioVersion = 17.1.32414.318
MinimumVisualStudioVersion = 10.0.40219.1
Project("{9A19103F-16F7-4668-BE54-9A1E7A4F7556}") = "AccreditationTests", "TestDesign\AccreditationTests.csproj", "{7968FE7B-BA26-49E5-86D7-3F7CB18915CE}"
EndProject
Global
	GlobalSection(SolutionConfigurationPlatforms) = preSolution
		Debug|Any CPU = Debug|Any CPU
		Release|Any CPU = Release|Any CPU
	EndGlobalSection
	GlobalSection(ProjectConfigurationPlatforms) = postSolution
		{7968FE7B-BA26-49E5-86D7-3F7CB18915CE}.Debug|Any CPU.ActiveCfg = Debug|Any CPU
		{7968FE7B-BA26-49E5-86D7-3F7CB18915CE}.Debug|Any CPU.Build.0 = Debug|Any CPU
		{7968FE7B-BA26-49E5-86D7-3F7CB18915CE}.Release|Any CPU.ActiveCfg = Release|Any CPU
		{7968FE7B-BA26-49E5-86D7-3F7CB18915CE}.Release|Any CPU.Build.0 = Release|Any CPU
	EndGlobalSection
	GlobalSection(SolutionProperties) = preSolution
		HideSolutionNode = FALSE
	EndGlobalSection
	GlobalSection(ExtensibilityGlobals) = postSolution
		SolutionGuid = {53E3DDEA-1B1C-42F4-B80E-26EAD31F54B5}
	EndGlobalSection
EndGlobal
